
Microsoft Visual Studio Solution File, Format Version 12.00
# Visual Studio Version 17
VisualStudioVersion = 17.9.34607.119
MinimumVisualStudioVersion = 10.0.40219.1
Project("{FAE04EC0-301F-11D3-BF4B-00C04F79EFBC}") = "Rabbit_API", "Rabbit_API\Rabbit_API.csproj", "{DCBD9697-6962-4C8E-BF8E-E3029E4B08C7}"
EndProject
Global
	GlobalSection(SolutionConfigurationPlatforms) = preSolution
		Debug|Any CPU = Debug|Any CPU
		Release|Any CPU = Release|Any CPU
	EndGlobalSection
	GlobalSection(ProjectConfigurationPlatforms) = postSolution
		{DCBD9697-6962-4C8E-BF8E-E3029E4B08C7}.Debug|Any CPU.ActiveCfg = Debug|Any CPU
		{DCBD9697-6962-4C8E-BF8E-E3029E4B08C7}.Debug|Any CPU.Build.0 = Debug|Any CPU
		{DCBD9697-6962-4C8E-BF8E-E3029E4B08C7}.Release|Any CPU.ActiveCfg = Release|Any CPU
		{DCBD9697-6962-4C8E-BF8E-E3029E4B08C7}.Release|Any CPU.Build.0 = Release|Any CPU
	EndGlobalSection
	GlobalSection(SolutionProperties) = preSolution
		HideSolutionNode = FALSE
	EndGlobalSection
	GlobalSection(ExtensibilityGlobals) = postSolution
		SolutionGuid = {F5D1C72F-DA05-4FA7-A862-77154D416239}
	EndGlobalSection
EndGlobal
